<?xml version="1.0" encoding="utf-8"?>
<Project ToolsVersion="4.0" xmlns="http://schemas.microsoft.com/developer/msbuild/2003">
  <ItemGroup>
    <ClCompile Include="Wood.cpp" />
    <ClCompile Include="Animation.cpp" />
    <ClCompile Include="Area.cpp" />
    <ClCompile Include="Bunny.cpp" />
    <ClCompile Include="Bush.cpp" />
    <ClCompile Include="Camera.cpp" />
    <ClCompile Include="Cell.cpp" />
    <ClCompile Include="Chunk.cpp" />
    <ClCompile Include="Compartment.cpp" />
    <ClCompile Include="FontManager.cpp" />
    <ClCompile Include="ForestTree.cpp" />
    <ClCompile Include="Game.cpp" />
    <ClCompile Include="GameEngine.cpp" />
    <ClCompile Include="GameScreen.cpp" />
    <ClCompile Include="GestionClick.cpp" />
    <ClCompile Include="GraphicEngine.cpp" />
    <ClCompile Include="InventoryWindow.cpp" />
    <ClCompile Include="KeyboardControler.cpp" />
    <ClCompile Include="main.cpp" />
    <ClCompile Include="Map.cpp" />
    <ClCompile Include="MapEnvironment.cpp" />
    <ClCompile Include="Object.cpp" />
    <ClCompile Include="OnScreenLogs.cpp" />
    <ClCompile Include="OptionScreen.cpp" />
    <ClCompile Include="PalmTree.cpp" />
    <ClCompile Include="PathFinding.cpp" />
    <ClCompile Include="PerlinNoise.cpp" />
    <ClCompile Include="PhysicEngine.cpp" />
    <ClCompile Include="Player.cpp" />
    <ClCompile Include="Singleton.cpp" />
    <ClCompile Include="StartScreen.cpp" />
    <ClCompile Include="Tree.cpp" />
    <ClCompile Include="Water.cpp" />
    <ClCompile Include="SourndManager.cpp" />
    <ClCompile Include="ShadersManager.cpp" />
    <ClCompile Include="Rock.cpp" />
    <ClCompile Include="Drops.cpp" />
    <ClCompile Include="CustomToggleButton.cpp" />
    <ClCompile Include="Crafting.cpp" />
    <ClCompile Include="AnimatedSprite.cpp" />
    <ClCompile Include="GameOverScreen.cpp" />
    <ClCompile Include="Berry.cpp" />
    <ClCompile Include="DatabaseManager.cpp" />
    <ClCompile Include="Campfire.cpp" />
    <ClCompile Include="AEntity.cpp" />
    <ClCompile Include="ImageManager.cpp" />
    <ClCompile Include="Meat.cpp" />
    <ClCompile Include="WoodenPlank.cpp" />
    <ClCompile Include="Bucket.cpp" />
    <ClCompile Include="Bowl.cpp" />
    <ClCompile Include="Sword.cpp" />
    <ClCompile Include="Jacket.cpp" />
    <ClCompile Include="Fabric.cpp" />
    <ClCompile Include="Pants.cpp" />
    <ClCompile Include="Rope.cpp" />
    <ClCompile Include="Mushroom.cpp" />
    <ClCompile Include="Stew.cpp" />
    <ClCompile Include="WaterBucket.cpp" />
    <ClCompile Include="Flint.cpp" />
    <ClCompile Include="Infusion.cpp" />
    <ClCompile Include="Herb.cpp" />
    <ClCompile Include="EntityFactory.cpp" />
    <ClCompile Include="Exception.cpp" />
    <ClCompile Include="BunnyWhite.cpp" />
    <ClCompile Include="BunnyBlack.cpp" />
  </ItemGroup>
  <ItemGroup>
    <ClInclude Include="Bunny.h" />
    <ClInclude Include="Bush.h" />
    <ClInclude Include="Camera.h" />
    <ClInclude Include="Cell.h" />
    <ClInclude Include="Chunk.h" />
    <ClInclude Include="Compartment.h" />
    <ClInclude Include="Coordinates.hpp" />
    <ClInclude Include="FontManager.h" />
    <ClInclude Include="ForestTree.h" />
    <ClInclude Include="Game.h" />
    <ClInclude Include="GameEngine.h" />
    <ClInclude Include="GameScreen.h" />
    <ClInclude Include="GestionClick.h" />
    <ClInclude Include="GraphicEngine.h" />
    <ClInclude Include="IEngine.h" />
    <ClInclude Include="InventoryWindow.h" />
    <ClInclude Include="IScreen.h" />
    <ClInclude Include="KeyboardControler.h" />
    <ClInclude Include="Map.h" />
    <ClInclude Include="MapEnvironment.h" />
    <ClInclude Include="Object.h" />
    <ClInclude Include="Onglet.h" />
    <ClInclude Include="OnScreenLogs.h" />
    <ClInclude Include="OptionScreen.h" />
    <ClInclude Include="PalmTree.h" />
    <ClInclude Include="PathFinding.h" />
    <ClInclude Include="PerlinNoise.h" />
    <ClInclude Include="PhysicEngine.h" />
    <ClInclude Include="Player.h" />
    <ClInclude Include="Singleton.h" />
    <ClInclude Include="StartScreen.h" />
    <ClInclude Include="SystemDefines.h" />
    <ClInclude Include="Tree.h" />
    <ClInclude Include="Water.h" />
    <ClInclude Include="Wood.h" />
    <ClInclude Include="SoundManager.h" />
    <ClInclude Include="ShadersManager.h" />
    <ClInclude Include="Rock.h" />
    <ClInclude Include="Drops.h" />
    <ClInclude Include="CustomToggleButton.h" />
    <ClInclude Include="Crafting.h" />
    <ClInclude Include="Animation.h" />
    <ClInclude Include="AnimatedSprite.h" />
    <ClInclude Include="GameOverScreen.h" />
    <ClInclude Include="DatabaseManager.h" />
    <ClInclude Include="Berry.h" />
    <ClInclude Include="Campfire.h" />
    <ClInclude Include="AEntity.h" />
    <ClInclude Include="ImageManager.h" />
    <ClInclude Include="Meat.h" />
    <ClInclude Include="WoodenPlank.h" />
    <ClInclude Include="Bucket.h" />
    <ClInclude Include="Bowl.h" />
    <ClInclude Include="Sword.h" />
    <ClInclude Include="Jacket.h" />
    <ClInclude Include="Pants.h" />
    <ClInclude Include="Rope.h" />
    <ClInclude Include="Mushroom.h" />
    <ClInclude Include="Stew.h" />
    <ClInclude Include="WaterBucket.h" />
    <ClInclude Include="Flint.h" />
    <ClInclude Include="Infusion.h" />
    <ClInclude Include="Herb.h" />
    <ClInclude Include="EntityFactory.h" />
    <ClInclude Include="resource.h" />
    <ClInclude Include="SerializeTools.h" />
    <ClInclude Include="Exception.hh" />
    <ClInclude Include="Fabric.h" />
    <ClInclude Include="BunnyWhite.h" />
    <ClInclude Include="BunnyBlack.h" />
  </ItemGroup>
  <ItemGroup>
    <None Include="CrossType.hh" />
    <None Include="shaders\selectedShader.frag" />
    <None Include="shaders\selectedShader.vert" />
    <None Include="shaders\glowShader.frag" />
    <None Include="shaders\glowShader.vert" />
    <None Include="shaders\waveShader.frag" />
    <None Include="shaders\waveShader.vert" />
  </ItemGroup>
  <ItemGroup>
    <ResourceCompile Include="PFA - V2.rc" />
  </ItemGroup>
  <ItemGroup>
    <Filter Include="Utils">
      <UniqueIdentifier>{a64d66bc-afa7-4ea8-8d6b-d7b2f3c38e7b}</UniqueIdentifier>
    </Filter>
  </ItemGroup>
  <ItemGroup>
    <Text Include="Media\database\CRAFT.txt">
      <Filter>Utils</Filter>
    </Text>
  </ItemGroup>
</Project>